
Microsoft Visual Studio Solution File, Format Version 12.00
# Visual Studio Version 17
VisualStudioVersion = 17.2.32630.192
MinimumVisualStudioVersion = 10.0.40219.1
Project("{FAE04EC0-301F-11D3-BF4B-00C04F79EFBC}") = "SocketRx", "SocketRx\SocketRx.csproj", "{234FA7F1-DFE1-4220-9FEB-47A330ED2F8D}"
EndProject
Project("{2150E333-8FDC-42A3-9474-1A3956D46DE8}") = "ConfigFiles", "ConfigFiles", "{0072169D-9C5F-48DC-AEE4-72949181EBCA}"
	ProjectSection(SolutionItems) = preProject
		.editorconfig = .editorconfig
		.gitignore = .gitignore
		appveyor.yml = appveyor.yml
		Directory.Build.props = Directory.Build.props
		README.md = README.md
		Version.json = Version.json
	EndProjectSection
EndProject
Global
	GlobalSection(SolutionConfigurationPlatforms) = preSolution
		Debug|Any CPU = Debug|Any CPU
		Release|Any CPU = Release|Any CPU
	EndGlobalSection
	GlobalSection(ProjectConfigurationPlatforms) = postSolution
		{234FA7F1-DFE1-4220-9FEB-47A330ED2F8D}.Debug|Any CPU.ActiveCfg = Debug|Any CPU
		{234FA7F1-DFE1-4220-9FEB-47A330ED2F8D}.Debug|Any CPU.Build.0 = Debug|Any CPU
		{234FA7F1-DFE1-4220-9FEB-47A330ED2F8D}.Release|Any CPU.ActiveCfg = Release|Any CPU
		{234FA7F1-DFE1-4220-9FEB-47A330ED2F8D}.Release|Any CPU.Build.0 = Release|Any CPU
	EndGlobalSection
	GlobalSection(SolutionProperties) = preSolution
		HideSolutionNode = FALSE
	EndGlobalSection
	GlobalSection(ExtensibilityGlobals) = postSolution
		SolutionGuid = {2CB537D7-0079-419E-8644-AAF35DD890F1}
	EndGlobalSection
EndGlobal
