
Microsoft Visual Studio Solution File, Format Version 12.00
# Visual Studio 15
VisualStudioVersion = 15.0.27703.2018
MinimumVisualStudioVersion = 10.0.40219.1
Project("{FAE04EC0-301F-11D3-BF4B-00C04F79EFBC}") = "SocketRx", "SocketRx\SocketRx.csproj", "{234FA7F1-DFE1-4220-9FEB-47A330ED2F8D}"
EndProject
Project("{2150E333-8FDC-42A3-9474-1A3956D46DE8}") = "base", "base", "{0072169D-9C5F-48DC-AEE4-72949181EBCA}"
	ProjectSection(SolutionItems) = preProject
		appveyor.yml = appveyor.yml
		README.md = README.md
	EndProjectSection
EndProject
Project("{2150E333-8FDC-42A3-9474-1A3956D46DE8}") = "BuildTools", "BuildTools", "{A334E98F-3606-49EE-9D63-67C2D114F061}"
	ProjectSection(SolutionItems) = preProject
		BuildTools\NuGet.exe = BuildTools\NuGet.exe
		BuildTools\pack.bat = BuildTools\pack.bat
		BuildTools\push.bat = BuildTools\push.bat
		BuildTools\SocketRx.nuspec = BuildTools\SocketRx.nuspec
	EndProjectSection
EndProject
Global
	GlobalSection(SolutionConfigurationPlatforms) = preSolution
		Debug|Any CPU = Debug|Any CPU
		Release|Any CPU = Release|Any CPU
	EndGlobalSection
	GlobalSection(ProjectConfigurationPlatforms) = postSolution
		{234FA7F1-DFE1-4220-9FEB-47A330ED2F8D}.Debug|Any CPU.ActiveCfg = Debug|Any CPU
		{234FA7F1-DFE1-4220-9FEB-47A330ED2F8D}.Debug|Any CPU.Build.0 = Debug|Any CPU
		{234FA7F1-DFE1-4220-9FEB-47A330ED2F8D}.Release|Any CPU.ActiveCfg = Release|Any CPU
		{234FA7F1-DFE1-4220-9FEB-47A330ED2F8D}.Release|Any CPU.Build.0 = Release|Any CPU
	EndGlobalSection
	GlobalSection(SolutionProperties) = preSolution
		HideSolutionNode = FALSE
	EndGlobalSection
	GlobalSection(ExtensibilityGlobals) = postSolution
		SolutionGuid = {2CB537D7-0079-419E-8644-AAF35DD890F1}
	EndGlobalSection
EndGlobal
